
Microsoft Visual Studio Solution File, Format Version 12.00
# Visual Studio 15
VisualStudioVersion = 15.0.28307.852
MinimumVisualStudioVersion = 10.0.40219.1
Project("{8BC9CEB8-8B4A-11D0-8D11-00A0C91BC942}") = "Super Synthesis Engine", "Super Synthesis Engine\Super Synthesis Engine.vcxproj", "{1E3C70D5-938A-494B-8173-546FB27A3B7E}"
EndProject
Project("{8BC9CEB8-8B4A-11D0-8D11-00A0C91BC942}") = "Super Synthesis Test", "Super Synthesis Test\Super Synthesis Test.vcxproj", "{A0F3FF7F-86B8-4005-BDA5-69CBBEFAE1A3}"
	ProjectSection(ProjectDependencies) = postProject
		{1E3C70D5-938A-494B-8173-546FB27A3B7E} = {1E3C70D5-938A-494B-8173-546FB27A3B7E}
	EndProjectSection
EndProject
Global
	GlobalSection(SolutionConfigurationPlatforms) = preSolution
		Debug|x64 = Debug|x64
		Debug|x86 = Debug|x86
		Release|x64 = Release|x64
		Release|x86 = Release|x86
	EndGlobalSection
	GlobalSection(ProjectConfigurationPlatforms) = postSolution
		{1E3C70D5-938A-494B-8173-546FB27A3B7E}.Debug|x64.ActiveCfg = Debug|x64
		{1E3C70D5-938A-494B-8173-546FB27A3B7E}.Debug|x64.Build.0 = Debug|x64
		{1E3C70D5-938A-494B-8173-546FB27A3B7E}.Debug|x86.ActiveCfg = Debug|Win32
		{1E3C70D5-938A-494B-8173-546FB27A3B7E}.Debug|x86.Build.0 = Debug|Win32
		{1E3C70D5-938A-494B-8173-546FB27A3B7E}.Release|x64.ActiveCfg = Release|x64
		{1E3C70D5-938A-494B-8173-546FB27A3B7E}.Release|x64.Build.0 = Release|x64
		{1E3C70D5-938A-494B-8173-546FB27A3B7E}.Release|x86.ActiveCfg = Release|Win32
		{1E3C70D5-938A-494B-8173-546FB27A3B7E}.Release|x86.Build.0 = Release|Win32
		{A0F3FF7F-86B8-4005-BDA5-69CBBEFAE1A3}.Debug|x64.ActiveCfg = Debug|x64
		{A0F3FF7F-86B8-4005-BDA5-69CBBEFAE1A3}.Debug|x64.Build.0 = Debug|x64
		{A0F3FF7F-86B8-4005-BDA5-69CBBEFAE1A3}.Debug|x86.ActiveCfg = Debug|Win32
		{A0F3FF7F-86B8-4005-BDA5-69CBBEFAE1A3}.Debug|x86.Build.0 = Debug|Win32
		{A0F3FF7F-86B8-4005-BDA5-69CBBEFAE1A3}.Release|x64.ActiveCfg = Release|x64
		{A0F3FF7F-86B8-4005-BDA5-69CBBEFAE1A3}.Release|x64.Build.0 = Release|x64
		{A0F3FF7F-86B8-4005-BDA5-69CBBEFAE1A3}.Release|x86.ActiveCfg = Release|Win32
		{A0F3FF7F-86B8-4005-BDA5-69CBBEFAE1A3}.Release|x86.Build.0 = Release|Win32
	EndGlobalSection
	GlobalSection(SolutionProperties) = preSolution
		HideSolutionNode = FALSE
	EndGlobalSection
	GlobalSection(ExtensibilityGlobals) = postSolution
		SolutionGuid = {B10A5E29-DA95-4EE2-809A-78204F2EA5DE}
	EndGlobalSection
EndGlobal
